
Microsoft Visual Studio Solution File, Format Version 12.00
# Visual Studio 15
VisualStudioVersion = 15.0.27130.2003
MinimumVisualStudioVersion = 10.0.40219.1
Project("{FAE04EC0-301F-11D3-BF4B-00C04F79EFBC}") = "TestKernel", "TestKernel\TestKernel.csproj", "{74008EFF-2E9E-4FBA-A5B3-FFB12CFC6B45}"
	ProjectSection(ProjectDependencies) = postProject
		{20378712-58E7-4DBC-980C-3FB4E21229B3} = {20378712-58E7-4DBC-980C-3FB4E21229B3}
	EndProjectSection
EndProject
Project("{9A19103F-16F7-4668-BE54-9A1E7A4F7556}") = "CosmosELFCore", "..\CosmosELF\CosmosELFCore\CosmosELFCore.csproj", "{8A8340DB-94A8-4489-B95E-4EBC49FA0776}"
EndProject
Project("{FAE04EC0-301F-11D3-BF4B-00C04F79EFBC}") = "CosmosGL", "CosmosGL\CosmosGL.csproj", "{54E3E933-B46F-4241-8DBD-A64889324641}"
EndProject
Project("{FAE04EC0-301F-11D3-BF4B-00C04F79EFBC}") = "FatSync", "FatSync\FatSync.csproj", "{20378712-58E7-4DBC-980C-3FB4E21229B3}"
EndProject
Global
	GlobalSection(SolutionConfigurationPlatforms) = preSolution
		Debug|Any CPU = Debug|Any CPU
		Release|Any CPU = Release|Any CPU
	EndGlobalSection
	GlobalSection(ProjectConfigurationPlatforms) = postSolution
		{74008EFF-2E9E-4FBA-A5B3-FFB12CFC6B45}.Debug|Any CPU.ActiveCfg = Debug|Any CPU
		{74008EFF-2E9E-4FBA-A5B3-FFB12CFC6B45}.Debug|Any CPU.Build.0 = Debug|Any CPU
		{74008EFF-2E9E-4FBA-A5B3-FFB12CFC6B45}.Release|Any CPU.ActiveCfg = Release|Any CPU
		{74008EFF-2E9E-4FBA-A5B3-FFB12CFC6B45}.Release|Any CPU.Build.0 = Release|Any CPU
		{8A8340DB-94A8-4489-B95E-4EBC49FA0776}.Debug|Any CPU.ActiveCfg = Debug|Any CPU
		{8A8340DB-94A8-4489-B95E-4EBC49FA0776}.Debug|Any CPU.Build.0 = Debug|Any CPU
		{8A8340DB-94A8-4489-B95E-4EBC49FA0776}.Release|Any CPU.ActiveCfg = Release|Any CPU
		{8A8340DB-94A8-4489-B95E-4EBC49FA0776}.Release|Any CPU.Build.0 = Release|Any CPU
		{54E3E933-B46F-4241-8DBD-A64889324641}.Debug|Any CPU.ActiveCfg = Debug|Any CPU
		{54E3E933-B46F-4241-8DBD-A64889324641}.Debug|Any CPU.Build.0 = Debug|Any CPU
		{54E3E933-B46F-4241-8DBD-A64889324641}.Release|Any CPU.ActiveCfg = Release|Any CPU
		{54E3E933-B46F-4241-8DBD-A64889324641}.Release|Any CPU.Build.0 = Release|Any CPU
		{20378712-58E7-4DBC-980C-3FB4E21229B3}.Debug|Any CPU.ActiveCfg = Debug|Any CPU
		{20378712-58E7-4DBC-980C-3FB4E21229B3}.Debug|Any CPU.Build.0 = Debug|Any CPU
		{20378712-58E7-4DBC-980C-3FB4E21229B3}.Release|Any CPU.ActiveCfg = Release|Any CPU
		{20378712-58E7-4DBC-980C-3FB4E21229B3}.Release|Any CPU.Build.0 = Release|Any CPU
	EndGlobalSection
	GlobalSection(SolutionProperties) = preSolution
		HideSolutionNode = FALSE
	EndGlobalSection
	GlobalSection(ExtensibilityGlobals) = postSolution
		SolutionGuid = {68A8038A-4C02-49D2-B46E-BCC038CE65C6}
	EndGlobalSection
EndGlobal
