
Microsoft Visual Studio Solution File, Format Version 12.00
# Visual Studio 15
VisualStudioVersion = 15.0.27130.2003
MinimumVisualStudioVersion = 10.0.40219.1
Project("{FAE04EC0-301F-11D3-BF4B-00C04F79EFBC}") = "TestKernel", "TestKernel\TestKernel.csproj", "{6DA28427-4541-4308-B5B6-EC49C7B5929B}"
EndProject
Project("{FAE04EC0-301F-11D3-BF4B-00C04F79EFBC}") = "CosmosGL", "CosmosGL\CosmosGL.csproj", "{DFDD8115-39C0-4393-86B9-F44716F95B90}"
EndProject
Global
	GlobalSection(SolutionConfigurationPlatforms) = preSolution
		Debug|Any CPU = Debug|Any CPU
		Release|Any CPU = Release|Any CPU
	EndGlobalSection
	GlobalSection(ProjectConfigurationPlatforms) = postSolution
		{6DA28427-4541-4308-B5B6-EC49C7B5929B}.Debug|Any CPU.ActiveCfg = Debug|Any CPU
		{6DA28427-4541-4308-B5B6-EC49C7B5929B}.Debug|Any CPU.Build.0 = Debug|Any CPU
		{6DA28427-4541-4308-B5B6-EC49C7B5929B}.Release|Any CPU.ActiveCfg = Release|Any CPU
		{6DA28427-4541-4308-B5B6-EC49C7B5929B}.Release|Any CPU.Build.0 = Release|Any CPU
		{DFDD8115-39C0-4393-86B9-F44716F95B90}.Debug|Any CPU.ActiveCfg = Debug|Any CPU
		{DFDD8115-39C0-4393-86B9-F44716F95B90}.Debug|Any CPU.Build.0 = Debug|Any CPU
		{DFDD8115-39C0-4393-86B9-F44716F95B90}.Release|Any CPU.ActiveCfg = Release|Any CPU
		{DFDD8115-39C0-4393-86B9-F44716F95B90}.Release|Any CPU.Build.0 = Release|Any CPU
	EndGlobalSection
	GlobalSection(SolutionProperties) = preSolution
		HideSolutionNode = FALSE
	EndGlobalSection
	GlobalSection(ExtensibilityGlobals) = postSolution
		SolutionGuid = {7B6380EC-512E-4D45-92AD-763D914FB6F4}
	EndGlobalSection
EndGlobal
